// !$*UTF8*$!
{
	archiveVersion = 1;
	classes = {
	};
	objectVersion = 52;
	objects = {

/* Begin PBXBuildFile section */
		94EAF38325DC1C1800D5207B /* AppDelegate.swift in Sources */ = {isa = PBXBuildFile; fileRef = 94EAF38225DC1C1800D5207B /* AppDelegate.swift */; };
		94EAF38525DC1C1800D5207B /* SceneDelegate.swift in Sources */ = {isa = PBXBuildFile; fileRef = 94EAF38425DC1C1800D5207B /* SceneDelegate.swift */; };
		94EAF38725DC1C1800D5207B /* MainViewController.swift in Sources */ = {isa = PBXBuildFile; fileRef = 94EAF38625DC1C1800D5207B /* MainViewController.swift */; };
		94EAF38C25DC1C1900D5207B /* Assets.xcassets in Resources */ = {isa = PBXBuildFile; fileRef = 94EAF38B25DC1C1900D5207B /* Assets.xcassets */; };
		94EAF38F25DC1C1900D5207B /* LaunchScreen.storyboard in Resources */ = {isa = PBXBuildFile; fileRef = 94EAF38D25DC1C1900D5207B /* LaunchScreen.storyboard */; };
		94EAF39D25DC2B3E00D5207B /* SnapKit in Frameworks */ = {isa = PBXBuildFile; productRef = 94EAF39C25DC2B3E00D5207B /* SnapKit */; };
		94EAF3A125DC2B6D00D5207B /* Kingfisher in Frameworks */ = {isa = PBXBuildFile; productRef = 94EAF3A025DC2B6D00D5207B /* Kingfisher */; };
		94ED6C4A25DC2DCA0035F042 /* ImageCell.swift in Sources */ = {isa = PBXBuildFile; fileRef = 94ED6C4925DC2DCA0035F042 /* ImageCell.swift */; };
		94ED6C4E25DC2FC10035F042 /* Item.swift in Sources */ = {isa = PBXBuildFile; fileRef = 94ED6C4D25DC2FC10035F042 /* Item.swift */; };
		94ED6C5125DC30B30035F042 /* NSObject+Extension.swift in Sources */ = {isa = PBXBuildFile; fileRef = 94ED6C5025DC30B30035F042 /* NSObject+Extension.swift */; };
		94ED6C5425DC35AE0035F042 /* PagedFlowLayout.swift in Sources */ = {isa = PBXBuildFile; fileRef = 94ED6C5325DC35AE0035F042 /* PagedFlowLayout.swift */; };
/* End PBXBuildFile section */

/* Begin PBXFileReference section */
		94EAF37F25DC1C1800D5207B /* ElinextSpringBoard.app */ = {isa = PBXFileReference; explicitFileType = wrapper.application; includeInIndex = 0; path = ElinextSpringBoard.app; sourceTree = BUILT_PRODUCTS_DIR; };
		94EAF38225DC1C1800D5207B /* AppDelegate.swift */ = {isa = PBXFileReference; lastKnownFileType = sourcecode.swift; path = AppDelegate.swift; sourceTree = "<group>"; };
		94EAF38425DC1C1800D5207B /* SceneDelegate.swift */ = {isa = PBXFileReference; lastKnownFileType = sourcecode.swift; path = SceneDelegate.swift; sourceTree = "<group>"; };
		94EAF38625DC1C1800D5207B /* MainViewController.swift */ = {isa = PBXFileReference; lastKnownFileType = sourcecode.swift; path = MainViewController.swift; sourceTree = "<group>"; };
		94EAF38B25DC1C1900D5207B /* Assets.xcassets */ = {isa = PBXFileReference; lastKnownFileType = folder.assetcatalog; path = Assets.xcassets; sourceTree = "<group>"; };
		94EAF38E25DC1C1900D5207B /* Base */ = {isa = PBXFileReference; lastKnownFileType = file.storyboard; name = Base; path = Base.lproj/LaunchScreen.storyboard; sourceTree = "<group>"; };
		94EAF39025DC1C1900D5207B /* Info.plist */ = {isa = PBXFileReference; lastKnownFileType = text.plist.xml; path = Info.plist; sourceTree = "<group>"; };
		94ED6C4925DC2DCA0035F042 /* ImageCell.swift */ = {isa = PBXFileReference; lastKnownFileType = sourcecode.swift; path = ImageCell.swift; sourceTree = "<group>"; };
		94ED6C4D25DC2FC10035F042 /* Item.swift */ = {isa = PBXFileReference; lastKnownFileType = sourcecode.swift; path = Item.swift; sourceTree = "<group>"; };
		94ED6C5025DC30B30035F042 /* NSObject+Extension.swift */ = {isa = PBXFileReference; lastKnownFileType = sourcecode.swift; path = "NSObject+Extension.swift"; sourceTree = "<group>"; };
		94ED6C5325DC35AE0035F042 /* PagedFlowLayout.swift */ = {isa = PBXFileReference; lastKnownFileType = sourcecode.swift; path = PagedFlowLayout.swift; sourceTree = "<group>"; };
/* End PBXFileReference section */

/* Begin PBXFrameworksBuildPhase section */
		94EAF37C25DC1C1800D5207B /* Frameworks */ = {
			isa = PBXFrameworksBuildPhase;
			buildActionMask = 2147483647;
			files = (
				94EAF3A125DC2B6D00D5207B /* Kingfisher in Frameworks */,
				94EAF39D25DC2B3E00D5207B /* SnapKit in Frameworks */,
			);
			runOnlyForDeploymentPostprocessing = 0;
		};
/* End PBXFrameworksBuildPhase section */

/* Begin PBXGroup section */
		94EAF37625DC1C1800D5207B = {
			isa = PBXGroup;
			children = (
				94EAF38125DC1C1800D5207B /* ElinextSpringBoard */,
				94EAF38025DC1C1800D5207B /* Products */,
			);
			sourceTree = "<group>";
		};
		94EAF38025DC1C1800D5207B /* Products */ = {
			isa = PBXGroup;
			children = (
				94EAF37F25DC1C1800D5207B /* ElinextSpringBoard.app */,
			);
			name = Products;
			sourceTree = "<group>";
		};
		94EAF38125DC1C1800D5207B /* ElinextSpringBoard */ = {
			isa = PBXGroup;
			children = (
				94ED6C4C25DC2FAB0035F042 /* Model */,
				94EAF3A525DC2D4200D5207B /* MainScreen */,
				94EAF3A325DC2D0F00D5207B /* App */,
				94EAF3A425DC2D1D00D5207B /* Resources */,
			);
			path = ElinextSpringBoard;
			sourceTree = "<group>";
		};
		94EAF3A325DC2D0F00D5207B /* App */ = {
			isa = PBXGroup;
			children = (
				94EAF38225DC1C1800D5207B /* AppDelegate.swift */,
				94EAF38425DC1C1800D5207B /* SceneDelegate.swift */,
				94EAF39025DC1C1900D5207B /* Info.plist */,
			);
			path = App;
			sourceTree = "<group>";
		};
		94EAF3A425DC2D1D00D5207B /* Resources */ = {
			isa = PBXGroup;
			children = (
				94EAF38B25DC1C1900D5207B /* Assets.xcassets */,
				94EAF38D25DC1C1900D5207B /* LaunchScreen.storyboard */,
				94ED6C5025DC30B30035F042 /* NSObject+Extension.swift */,
			);
			path = Resources;
			sourceTree = "<group>";
		};
		94EAF3A525DC2D4200D5207B /* MainScreen */ = {
			isa = PBXGroup;
			children = (
				94EAF38625DC1C1800D5207B /* MainViewController.swift */,
				94ED6C4925DC2DCA0035F042 /* ImageCell.swift */,
				94ED6C5325DC35AE0035F042 /* PagedFlowLayout.swift */,
			);
			path = MainScreen;
			sourceTree = "<group>";
		};
		94ED6C4C25DC2FAB0035F042 /* Model */ = {
			isa = PBXGroup;
			children = (
				94ED6C4D25DC2FC10035F042 /* Item.swift */,
			);
			path = Model;
			sourceTree = "<group>";
		};
/* End PBXGroup section */

/* Begin PBXNativeTarget section */
		94EAF37E25DC1C1800D5207B /* ElinextSpringBoard */ = {
			isa = PBXNativeTarget;
			buildConfigurationList = 94EAF39325DC1C1900D5207B /* Build configuration list for PBXNativeTarget "ElinextSpringBoard" */;
			buildPhases = (
				94EAF37B25DC1C1800D5207B /* Sources */,
				94EAF37C25DC1C1800D5207B /* Frameworks */,
				94EAF37D25DC1C1800D5207B /* Resources */,
			);
			buildRules = (
			);
			dependencies = (
			);
			name = ElinextSpringBoard;
			packageProductDependencies = (
				94EAF39C25DC2B3E00D5207B /* SnapKit */,
				94EAF3A025DC2B6D00D5207B /* Kingfisher */,
			);
			productName = ElinextSpringBoard;
			productReference = 94EAF37F25DC1C1800D5207B /* ElinextSpringBoard.app */;
			productType = "com.apple.product-type.application";
		};
/* End PBXNativeTarget section */

/* Begin PBXProject section */
		94EAF37725DC1C1800D5207B /* Project object */ = {
			isa = PBXProject;
			attributes = {
				LastSwiftUpdateCheck = 1230;
				LastUpgradeCheck = 1230;
				TargetAttributes = {
					94EAF37E25DC1C1800D5207B = {
						CreatedOnToolsVersion = 12.3;
					};
				};
			};
			buildConfigurationList = 94EAF37A25DC1C1800D5207B /* Build configuration list for PBXProject "ElinextSpringBoard" */;
			compatibilityVersion = "Xcode 9.3";
			developmentRegion = en;
			hasScannedForEncodings = 0;
			knownRegions = (
				en,
				Base,
			);
			mainGroup = 94EAF37625DC1C1800D5207B;
			packageReferences = (
				94EAF39B25DC2B3E00D5207B /* XCRemoteSwiftPackageReference "SnapKit" */,
				94EAF39F25DC2B6D00D5207B /* XCRemoteSwiftPackageReference "Kingfisher" */,
			);
			productRefGroup = 94EAF38025DC1C1800D5207B /* Products */;
			projectDirPath = "";
			projectRoot = "";
			targets = (
				94EAF37E25DC1C1800D5207B /* ElinextSpringBoard */,
			);
		};
/* End PBXProject section */

/* Begin PBXResourcesBuildPhase section */
		94EAF37D25DC1C1800D5207B /* Resources */ = {
			isa = PBXResourcesBuildPhase;
			buildActionMask = 2147483647;
			files = (
				94EAF38F25DC1C1900D5207B /* LaunchScreen.storyboard in Resources */,
				94EAF38C25DC1C1900D5207B /* Assets.xcassets in Resources */,
			);
			runOnlyForDeploymentPostprocessing = 0;
		};
/* End PBXResourcesBuildPhase section */

/* Begin PBXSourcesBuildPhase section */
		94EAF37B25DC1C1800D5207B /* Sources */ = {
			isa = PBXSourcesBuildPhase;
			buildActionMask = 2147483647;
			files = (
				94ED6C4E25DC2FC10035F042 /* Item.swift in Sources */,
				94EAF38725DC1C1800D5207B /* MainViewController.swift in Sources */,
				94ED6C5425DC35AE0035F042 /* PagedFlowLayout.swift in Sources */,
				94ED6C4A25DC2DCA0035F042 /* ImageCell.swift in Sources */,
				94EAF38325DC1C1800D5207B /* AppDelegate.swift in Sources */,
				94EAF38525DC1C1800D5207B /* SceneDelegate.swift in Sources */,
				94ED6C5125DC30B30035F042 /* NSObject+Extension.swift in Sources */,
			);
			runOnlyForDeploymentPostprocessing = 0;
		};
/* End PBXSourcesBuildPhase section */

/* Begin PBXVariantGroup section */
		94EAF38D25DC1C1900D5207B /* LaunchScreen.storyboard */ = {
			isa = PBXVariantGroup;
			children = (
				94EAF38E25DC1C1900D5207B /* Base */,
			);
			name = LaunchScreen.storyboard;
			sourceTree = "<group>";
		};
/* End PBXVariantGroup section */

/* Begin XCBuildConfiguration section */
		94EAF39125DC1C1900D5207B /* Debug */ = {
			isa = XCBuildConfiguration;
			buildSettings = {
				ALWAYS_SEARCH_USER_PATHS = NO;
				CLANG_ANALYZER_NONNULL = YES;
				CLANG_ANALYZER_NUMBER_OBJECT_CONVERSION = YES_AGGRESSIVE;
				CLANG_CXX_LANGUAGE_STANDARD = "gnu++14";
				CLANG_CXX_LIBRARY = "libc++";
				CLANG_ENABLE_MODULES = YES;
				CLANG_ENABLE_OBJC_ARC = YES;
				CLANG_ENABLE_OBJC_WEAK = YES;
				CLANG_WARN_BLOCK_CAPTURE_AUTORELEASING = YES;
				CLANG_WARN_BOOL_CONVERSION = YES;
				CLANG_WARN_COMMA = YES;
				CLANG_WARN_CONSTANT_CONVERSION = YES;
				CLANG_WARN_DEPRECATED_OBJC_IMPLEMENTATIONS = YES;
				CLANG_WARN_DIRECT_OBJC_ISA_USAGE = YES_ERROR;
				CLANG_WARN_DOCUMENTATION_COMMENTS = YES;
				CLANG_WARN_EMPTY_BODY = YES;
				CLANG_WARN_ENUM_CONVERSION = YES;
				CLANG_WARN_INFINITE_RECURSION = YES;
				CLANG_WARN_INT_CONVERSION = YES;
				CLANG_WARN_NON_LITERAL_NULL_CONVERSION = YES;
				CLANG_WARN_OBJC_IMPLICIT_RETAIN_SELF = YES;
				CLANG_WARN_OBJC_LITERAL_CONVERSION = YES;
				CLANG_WARN_OBJC_ROOT_CLASS = YES_ERROR;
				CLANG_WARN_QUOTED_INCLUDE_IN_FRAMEWORK_HEADER = YES;
				CLANG_WARN_RANGE_LOOP_ANALYSIS = YES;
				CLANG_WARN_STRICT_PROTOTYPES = YES;
				CLANG_WARN_SUSPICIOUS_MOVE = YES;
				CLANG_WARN_UNGUARDED_AVAILABILITY = YES_AGGRESSIVE;
				CLANG_WARN_UNREACHABLE_CODE = YES;
				CLANG_WARN__DUPLICATE_METHOD_MATCH = YES;
				COPY_PHASE_STRIP = NO;
				DEBUG_INFORMATION_FORMAT = dwarf;
				ENABLE_STRICT_OBJC_MSGSEND = YES;
				ENABLE_TESTABILITY = YES;
				GCC_C_LANGUAGE_STANDARD = gnu11;
				GCC_DYNAMIC_NO_PIC = NO;
				GCC_NO_COMMON_BLOCKS = YES;
				GCC_OPTIMIZATION_LEVEL = 0;
				GCC_PREPROCESSOR_DEFINITIONS = (
					"DEBUG=1",
					"$(inherited)",
				);
				GCC_WARN_64_TO_32_BIT_CONVERSION = YES;
				GCC_WARN_ABOUT_RETURN_TYPE = YES_ERROR;
				GCC_WARN_UNDECLARED_SELECTOR = YES;
				GCC_WARN_UNINITIALIZED_AUTOS = YES_AGGRESSIVE;
				GCC_WARN_UNUSED_FUNCTION = YES;
				GCC_WARN_UNUSED_VARIABLE = YES;
				IPHONEOS_DEPLOYMENT_TARGET = 14.3;
				MTL_ENABLE_DEBUG_INFO = INCLUDE_SOURCE;
				MTL_FAST_MATH = YES;
				ONLY_ACTIVE_ARCH = YES;
				SDKROOT = iphoneos;
				SWIFT_ACTIVE_COMPILATION_CONDITIONS = DEBUG;
				SWIFT_OPTIMIZATION_LEVEL = "-Onone";
			};
			name = Debug;
		};
		94EAF39225DC1C1900D5207B /* Release */ = {
			isa = XCBuildConfiguration;
			buildSettings = {
				ALWAYS_SEARCH_USER_PATHS = NO;
				CLANG_ANALYZER_NONNULL = YES;
				CLANG_ANALYZER_NUMBER_OBJECT_CONVERSION = YES_AGGRESSIVE;
				CLANG_CXX_LANGUAGE_STANDARD = "gnu++14";
				CLANG_CXX_LIBRARY = "libc++";
				CLANG_ENABLE_MODULES = YES;
				CLANG_ENABLE_OBJC_ARC = YES;
				CLANG_ENABLE_OBJC_WEAK = YES;
				CLANG_WARN_BLOCK_CAPTURE_AUTORELEASING = YES;
				CLANG_WARN_BOOL_CONVERSION = YES;
				CLANG_WARN_COMMA = YES;
				CLANG_WARN_CONSTANT_CONVERSION = YES;
				CLANG_WARN_DEPRECATED_OBJC_IMPLEMENTATIONS = YES;
				CLANG_WARN_DIRECT_OBJC_ISA_USAGE = YES_ERROR;
				CLANG_WARN_DOCUMENTATION_COMMENTS = YES;
				CLANG_WARN_EMPTY_BODY = YES;
				CLANG_WARN_ENUM_CONVERSION = YES;
				CLANG_WARN_INFINITE_RECURSION = YES;
				CLANG_WARN_INT_CONVERSION = YES;
				CLANG_WARN_NON_LITERAL_NULL_CONVERSION = YES;
				CLANG_WARN_OBJC_IMPLICIT_RETAIN_SELF = YES;
				CLANG_WARN_OBJC_LITERAL_CONVERSION = YES;
				CLANG_WARN_OBJC_ROOT_CLASS = YES_ERROR;
				CLANG_WARN_QUOTED_INCLUDE_IN_FRAMEWORK_HEADER = YES;
				CLANG_WARN_RANGE_LOOP_ANALYSIS = YES;
				CLANG_WARN_STRICT_PROTOTYPES = YES;
				CLANG_WARN_SUSPICIOUS_MOVE = YES;
				CLANG_WARN_UNGUARDED_AVAILABILITY = YES_AGGRESSIVE;
				CLANG_WARN_UNREACHABLE_CODE = YES;
				CLANG_WARN__DUPLICATE_METHOD_MATCH = YES;
				COPY_PHASE_STRIP = NO;
				DEBUG_INFORMATION_FORMAT = "dwarf-with-dsym";
				ENABLE_NS_ASSERTIONS = NO;
				ENABLE_STRICT_OBJC_MSGSEND = YES;
				GCC_C_LANGUAGE_STANDARD = gnu11;
				GCC_NO_COMMON_BLOCKS = YES;
				GCC_WARN_64_TO_32_BIT_CONVERSION = YES;
				GCC_WARN_ABOUT_RETURN_TYPE = YES_ERROR;
				GCC_WARN_UNDECLARED_SELECTOR = YES;
				GCC_WARN_UNINITIALIZED_AUTOS = YES_AGGRESSIVE;
				GCC_WARN_UNUSED_FUNCTION = YES;
				GCC_WARN_UNUSED_VARIABLE = YES;
				IPHONEOS_DEPLOYMENT_TARGET = 14.3;
				MTL_ENABLE_DEBUG_INFO = NO;
				MTL_FAST_MATH = YES;
				SDKROOT = iphoneos;
				SWIFT_COMPILATION_MODE = wholemodule;
				SWIFT_OPTIMIZATION_LEVEL = "-O";
				VALIDATE_PRODUCT = YES;
			};
			name = Release;
		};
		94EAF39425DC1C1900D5207B /* Debug */ = {
			isa = XCBuildConfiguration;
			buildSettings = {
				ASSETCATALOG_COMPILER_APPICON_NAME = AppIcon;
				ASSETCATALOG_COMPILER_GLOBAL_ACCENT_COLOR_NAME = AccentColor;
				CODE_SIGN_STYLE = Automatic;
				DEVELOPMENT_TEAM = 37D9383K7L;
				INFOPLIST_FILE = ElinextSpringBoard/App/Info.plist;
				IPHONEOS_DEPLOYMENT_TARGET = 13.0;
				LD_RUNPATH_SEARCH_PATHS = (
					"$(inherited)",
					"@executable_path/Frameworks",
				);
				PRODUCT_BUNDLE_IDENTIFIER = com.mike.makhovyk.ElinextSpringBoard;
				PRODUCT_NAME = "$(TARGET_NAME)";
				SWIFT_VERSION = 5.0;
				TARGETED_DEVICE_FAMILY = 1;
			};
			name = Debug;
		};
		94EAF39525DC1C1900D5207B /* Release */ = {
			isa = XCBuildConfiguration;
			buildSettings = {
				ASSETCATALOG_COMPILER_APPICON_NAME = AppIcon;
				ASSETCATALOG_COMPILER_GLOBAL_ACCENT_COLOR_NAME = AccentColor;
				CODE_SIGN_STYLE = Automatic;
				DEVELOPMENT_TEAM = 37D9383K7L;
				INFOPLIST_FILE = ElinextSpringBoard/App/Info.plist;
				IPHONEOS_DEPLOYMENT_TARGET = 13.0;
				LD_RUNPATH_SEARCH_PATHS = (
					"$(inherited)",
					"@executable_path/Frameworks",
				);
				PRODUCT_BUNDLE_IDENTIFIER = com.mike.makhovyk.ElinextSpringBoard;
				PRODUCT_NAME = "$(TARGET_NAME)";
				SWIFT_VERSION = 5.0;
				TARGETED_DEVICE_FAMILY = 1;
			};
			name = Release;
		};
/* End XCBuildConfiguration section */

/* Begin XCConfigurationList section */
		94EAF37A25DC1C1800D5207B /* Build configuration list for PBXProject "ElinextSpringBoard" */ = {
			isa = XCConfigurationList;
			buildConfigurations = (
				94EAF39125DC1C1900D5207B /* Debug */,
				94EAF39225DC1C1900D5207B /* Release */,
			);
			defaultConfigurationIsVisible = 0;
			defaultConfigurationName = Release;
		};
		94EAF39325DC1C1900D5207B /* Build configuration list for PBXNativeTarget "ElinextSpringBoard" */ = {
			isa = XCConfigurationList;
			buildConfigurations = (
				94EAF39425DC1C1900D5207B /* Debug */,
				94EAF39525DC1C1900D5207B /* Release */,
			);
			defaultConfigurationIsVisible = 0;
			defaultConfigurationName = Release;
		};
/* End XCConfigurationList section */

/* Begin XCRemoteSwiftPackageReference section */
		94EAF39B25DC2B3E00D5207B /* XCRemoteSwiftPackageReference "SnapKit" */ = {
			isa = XCRemoteSwiftPackageReference;
			repositoryURL = "https://github.com/SnapKit/SnapKit.git";
			requirement = {
				kind = upToNextMajorVersion;
				minimumVersion = 5.0.1;
			};
		};
		94EAF39F25DC2B6D00D5207B /* XCRemoteSwiftPackageReference "Kingfisher" */ = {
			isa = XCRemoteSwiftPackageReference;
			repositoryURL = "https://github.com/onevcat/Kingfisher.git";
			requirement = {
				kind = upToNextMajorVersion;
				minimumVersion = 6.1.1;
			};
		};
/* End XCRemoteSwiftPackageReference section */

/* Begin XCSwiftPackageProductDependency section */
		94EAF39C25DC2B3E00D5207B /* SnapKit */ = {
			isa = XCSwiftPackageProductDependency;
			package = 94EAF39B25DC2B3E00D5207B /* XCRemoteSwiftPackageReference "SnapKit" */;
			productName = SnapKit;
		};
		94EAF3A025DC2B6D00D5207B /* Kingfisher */ = {
			isa = XCSwiftPackageProductDependency;
			package = 94EAF39F25DC2B6D00D5207B /* XCRemoteSwiftPackageReference "Kingfisher" */;
			productName = Kingfisher;
		};
/* End XCSwiftPackageProductDependency section */
	};
	rootObject = 94EAF37725DC1C1800D5207B /* Project object */;
}
